# THIS IS AN AUTOGENERATED FILE. DO NOT EDIT THIS FILE DIRECTLY.
# yarn lockfile v1


async@^2.6.1:
  version "2.6.3"
  resolved "https://registry.nlark.com/async/download/async-2.6.3.tgz#d72625e2344a3656e3a3ad4fa749fa83299d82ff"
  integrity sha1-1yYl4jRKNlbjo61Pp0n6gymdgv8=
  dependencies:
    lodash "^4.17.14"

clone-deep@^4.0.0:
  version "4.0.1"
  resolved "https://registry.nlark.com/clone-deep/download/clone-deep-4.0.1.tgz#c19fd9bdbbf85942b4fd979c84dcf7d5f07c2387"
  integrity sha1-wZ/Zvbv4WUK0/ZechNz31fB8I4c=
  dependencies:
    is-plain-object "^2.0.4"
    kind-of "^6.0.2"
    shallow-clone "^3.0.0"

debug@^4.0.1:
  version "4.3.1"
  resolved "https://registry.npm.taobao.org/debug/download/debug-4.3.1.tgz?cache=0&sync_timestamp=1607566559421&other_urls=https%3A%2F%2Fregistry.npm.taobao.org%2Fdebug%2Fdownload%2Fdebug-4.3.1.tgz#f0d229c505e0c6d8c49ac553d1b13dc183f6b2ee"
  integrity sha1-8NIpxQXgxtjEmsVT0bE9wYP2su4=
  dependencies:
    ms "2.1.2"

decode-uri-component@^0.2.0:
  version "0.2.0"
  resolved "https://registry.npm.taobao.org/decode-uri-component/download/decode-uri-component-0.2.0.tgz#eb3913333458775cb84cd1a1fae062106bb87545"
  integrity sha1-6zkTMzRYd1y4TNGh+uBiEGu4dUU=

entities@^2.0.3:
  version "2.2.0"
  resolved "https://registry.nlark.com/entities/download/entities-2.2.0.tgz#098dc90ebb83d8dffa089d55256b351d34c4da55"
  integrity sha1-CY3JDruD2N/6CJ1VJWs1HTTE2lU=

filter-obj@^1.1.0:
  version "1.1.0"
  resolved "https://registry.npm.taobao.org/filter-obj/download/filter-obj-1.1.0.tgz?cache=0&other_urls=https%3A%2F%2Fregistry.npm.taobao.org%2Ffilter-obj%2Fdownload%2Ffilter-obj-1.1.0.tgz#9b311112bc6c6127a16e016c6c5d7f19e0805c5b"
  integrity sha1-mzERErxsYSehbgFsbF1/GeCAXFs=

is-plain-object@^2.0.4:
  version "2.0.4"
  resolved "https://registry.nlark.com/is-plain-object/download/is-plain-object-2.0.4.tgz#2c163b3fafb1b606d9d17928f05c2a1c38e07677"
  integrity sha1-LBY7P6+xtgbZ0Xko8FwqHDjgdnc=
  dependencies:
    isobject "^3.0.1"

isobject@^3.0.1:
  version "3.0.1"
  resolved "https://registry.nlark.com/isobject/download/isobject-3.0.1.tgz#4e431e92b11a9731636aa1f9c8d1ccbcfdab78df"
  integrity sha1-TkMekrEalzFjaqH5yNHMvP2reN8=

kind-of@^6.0.2:
  version "6.0.3"
  resolved "https://registry.npm.taobao.org/kind-of/download/kind-of-6.0.3.tgz#07c05034a6c349fa06e24fa35aa76db4580ce4dd"
  integrity sha1-B8BQNKbDSfoG4k+jWqdttFgM5N0=

later@^1.2.0:
  version "1.2.0"
  resolved "https://registry.nlark.com/later/download/later-1.2.0.tgz#f2cf6c4dd7956dd2f520adf0329836e9876bad0f"
  integrity sha1-8s9sTdeVbdL1IK3wMpg26YdrrQ8=

lodash@^4.17.14:
  version "4.17.21"
  resolved "https://registry.npm.taobao.org/lodash/download/lodash-4.17.21.tgz#679591c564c3bffaae8454cf0b3df370c3d6911c"
  integrity sha1-Z5WRxWTDv/quhFTPCz3zcMPWkRw=

moment@^2.22.2:
  version "2.29.1"
  resolved "https://registry.nlark.com/moment/download/moment-2.29.1.tgz?cache=0&sync_timestamp=1618910921487&other_urls=https%3A%2F%2Fregistry.nlark.com%2Fmoment%2Fdownload%2Fmoment-2.29.1.tgz#b2be769fa31940be9eeea6469c075e35006fa3d3"
  integrity sha1-sr52n6MZQL6e7qZGnAdeNQBvo9M=

ms@2.1.2:
  version "2.1.2"
  resolved "https://registry.npm.taobao.org/ms/download/ms-2.1.2.tgz#d09d1f357b443f493382a8eb3ccd183872ae6009"
  integrity sha1-0J0fNXtEP0kzgqjrPM0YOHKuYAk=

query-string@^6.8.1:
  version "6.14.1"
  resolved "https://registry.nlark.com/query-string/download/query-string-6.14.1.tgz?cache=0&sync_timestamp=1619619622429&other_urls=https%3A%2F%2Fregistry.nlark.com%2Fquery-string%2Fdownload%2Fquery-string-6.14.1.tgz#7ac2dca46da7f309449ba0f86b1fd28255b0c86a"
  integrity sha1-esLcpG2n8wlEm6D4ax/SglWwyGo=
  dependencies:
    decode-uri-component "^0.2.0"
    filter-obj "^1.1.0"
    split-on-first "^1.0.0"
    strict-uri-encode "^2.0.0"

rss-parser@^3.4.3:
  version "3.12.0"
  resolved "https://registry.npm.taobao.org/rss-parser/download/rss-parser-3.12.0.tgz#b8888699ea46304a74363fbd8144671b2997984c"
  integrity sha1-uIiGmepGMEp0Nj+9gURnGymXmEw=
  dependencies:
    entities "^2.0.3"
    xml2js "^0.4.19"

sax@>=0.6.0:
  version "1.2.4"
  resolved "https://registry.npm.taobao.org/sax/download/sax-1.2.4.tgz#2816234e2378bddc4e5354fab5caa895df7100d9"
  integrity sha1-KBYjTiN4vdxOU1T6tcqold9xANk=

shallow-clone@^3.0.0:
  version "3.0.1"
  resolved "https://registry.npm.taobao.org/shallow-clone/download/shallow-clone-3.0.1.tgz#8f2981ad92531f55035b01fb230769a40e02efa3"
  integrity sha1-jymBrZJTH1UDWwH7IwdppA4C76M=
  dependencies:
    kind-of "^6.0.2"

simple-git@^1.102.0:
  version "1.132.0"
  resolved "https://registry.nlark.com/simple-git/download/simple-git-1.132.0.tgz?cache=0&sync_timestamp=1620888704423&other_urls=https%3A%2F%2Fregistry.nlark.com%2Fsimple-git%2Fdownload%2Fsimple-git-1.132.0.tgz#53ac4c5ec9e74e37c2fd461e23309f22fcdf09b1"
  integrity sha1-U6xMXsnnTjfC/UYeIzCfIvzfCbE=
  dependencies:
    debug "^4.0.1"

split-on-first@^1.0.0:
  version "1.1.0"
  resolved "https://registry.nlark.com/split-on-first/download/split-on-first-1.1.0.tgz#f610afeee3b12bce1d0c30425e76398b78249a5f"
  integrity sha1-9hCv7uOxK84dDDBCXnY5i3gkml8=

strict-uri-encode@^2.0.0:
  version "2.0.0"
  resolved "https://registry.npm.taobao.org/strict-uri-encode/download/strict-uri-encode-2.0.0.tgz#b9c7330c7042862f6b142dc274bbcc5866ce3546"
  integrity sha1-ucczDHBChi9rFC3CdLvMWGbONUY=

underscore@^1.9.1:
  version "1.13.1"
  resolved "https://registry.npm.taobao.org/underscore/download/underscore-1.13.1.tgz?cache=0&sync_timestamp=1618503838960&other_urls=https%3A%2F%2Fregistry.npm.taobao.org%2Funderscore%2Fdownload%2Funderscore-1.13.1.tgz#0c1c6bd2df54b6b69f2314066d65b6cde6fcf9d1"
  integrity sha1-DBxr0t9UtrafIxQGbWW2zeb8+dE=

xml2js@^0.4.19:
  version "0.4.23"
  resolved "https://registry.npm.taobao.org/xml2js/download/xml2js-0.4.23.tgz#a0c69516752421eb2ac758ee4d4ccf58843eac66"
  integrity sha1-oMaVFnUkIesqx1juTUzPWIQ+rGY=
  dependencies:
    sax ">=0.6.0"
    xmlbuilder "~11.0.0"

xmlbuilder@~11.0.0:
  version "11.0.1"
  resolved "https://registry.npm.taobao.org/xmlbuilder/download/xmlbuilder-11.0.1.tgz#be9bae1c8a046e76b31127726347d0ad7002beb3"
  integrity sha1-vpuuHIoEbnazESdyY0fQrXACvrM=
